
Microsoft Visual Studio Solution File, Format Version 12.00
# Visual Studio 14
VisualStudioVersion = 14.0.25420.1
MinimumVisualStudioVersion = 10.0.40219.1
Project("{F2A71F9B-5D33-465A-A702-920D77279786}") = "GLSCore", "GLSCore\GLSCore.fsproj", "{4F82D01F-4FF7-48F7-82CA-52A200BBDD30}"
EndProject
Global
	GlobalSection(SolutionConfigurationPlatforms) = preSolution
		Debug|Any CPU = Debug|Any CPU
		Release|Any CPU = Release|Any CPU
	EndGlobalSection
	GlobalSection(ProjectConfigurationPlatforms) = postSolution
		{4F82D01F-4FF7-48F7-82CA-52A200BBDD30}.Debug|Any CPU.ActiveCfg = Debug|Any CPU
		{4F82D01F-4FF7-48F7-82CA-52A200BBDD30}.Debug|Any CPU.Build.0 = Debug|Any CPU
		{4F82D01F-4FF7-48F7-82CA-52A200BBDD30}.Release|Any CPU.ActiveCfg = Release|Any CPU
		{4F82D01F-4FF7-48F7-82CA-52A200BBDD30}.Release|Any CPU.Build.0 = Release|Any CPU
		{5F84916D-1FAC-4A1E-BD9C-60FA070DDDB8}.Debug|Any CPU.ActiveCfg = Debug|Any CPU
		{5F84916D-1FAC-4A1E-BD9C-60FA070DDDB8}.Debug|Any CPU.Build.0 = Debug|Any CPU
		{5F84916D-1FAC-4A1E-BD9C-60FA070DDDB8}.Release|Any CPU.ActiveCfg = Release|Any CPU
		{5F84916D-1FAC-4A1E-BD9C-60FA070DDDB8}.Release|Any CPU.Build.0 = Release|Any CPU
		{B10F9034-EC37-481A-9C52-DCB7D8D46FF4}.Debug|Any CPU.ActiveCfg = Debug|Any CPU
		{B10F9034-EC37-481A-9C52-DCB7D8D46FF4}.Debug|Any CPU.Build.0 = Debug|Any CPU
		{B10F9034-EC37-481A-9C52-DCB7D8D46FF4}.Release|Any CPU.ActiveCfg = Release|Any CPU
		{B10F9034-EC37-481A-9C52-DCB7D8D46FF4}.Release|Any CPU.Build.0 = Release|Any CPU
		{88B14E56-1082-4AA7-9CC1-543BE2130C70}.Debug|Any CPU.ActiveCfg = Debug|Any CPU
		{88B14E56-1082-4AA7-9CC1-543BE2130C70}.Debug|Any CPU.Build.0 = Debug|Any CPU
		{88B14E56-1082-4AA7-9CC1-543BE2130C70}.Release|Any CPU.ActiveCfg = Release|Any CPU
		{88B14E56-1082-4AA7-9CC1-543BE2130C70}.Release|Any CPU.Build.0 = Release|Any CPU
		{ABD4A31B-9FD9-4FB1-9857-772192AB93CA}.Debug|Any CPU.ActiveCfg = Debug|Any CPU
		{ABD4A31B-9FD9-4FB1-9857-772192AB93CA}.Debug|Any CPU.Build.0 = Debug|Any CPU
		{ABD4A31B-9FD9-4FB1-9857-772192AB93CA}.Release|Any CPU.ActiveCfg = Release|Any CPU
		{ABD4A31B-9FD9-4FB1-9857-772192AB93CA}.Release|Any CPU.Build.0 = Release|Any CPU
		{DC7C11D8-7703-4717-B2EB-004D5E082EA7}.Debug|Any CPU.ActiveCfg = Debug|Any CPU
		{DC7C11D8-7703-4717-B2EB-004D5E082EA7}.Debug|Any CPU.Build.0 = Debug|Any CPU
		{DC7C11D8-7703-4717-B2EB-004D5E082EA7}.Release|Any CPU.ActiveCfg = Release|Any CPU
		{DC7C11D8-7703-4717-B2EB-004D5E082EA7}.Release|Any CPU.Build.0 = Release|Any CPU
	EndGlobalSection
	GlobalSection(SolutionProperties) = preSolution
		HideSolutionNode = FALSE
	EndGlobalSection
EndGlobal
